
Microsoft Visual Studio Solution File, Format Version 12.00
# Visual Studio Version 17
VisualStudioVersion = 17.10.35122.118
MinimumVisualStudioVersion = 10.0.40219.1
Project("{FAE04EC0-301F-11D3-BF4B-00C04F79EFBC}") = "FinalProject.MVC", "FinalProject.MVC\FinalProject.MVC.csproj", "{EB4F8C30-F5C5-4E93-93A6-AC0A61F35826}"
EndProject
Global
	GlobalSection(SolutionConfigurationPlatforms) = preSolution
		Debug|Any CPU = Debug|Any CPU
		Release|Any CPU = Release|Any CPU
	EndGlobalSection
	GlobalSection(ProjectConfigurationPlatforms) = postSolution
		{EB4F8C30-F5C5-4E93-93A6-AC0A61F35826}.Debug|Any CPU.ActiveCfg = Debug|Any CPU
		{EB4F8C30-F5C5-4E93-93A6-AC0A61F35826}.Debug|Any CPU.Build.0 = Debug|Any CPU
		{EB4F8C30-F5C5-4E93-93A6-AC0A61F35826}.Release|Any CPU.ActiveCfg = Release|Any CPU
		{EB4F8C30-F5C5-4E93-93A6-AC0A61F35826}.Release|Any CPU.Build.0 = Release|Any CPU
	EndGlobalSection
	GlobalSection(SolutionProperties) = preSolution
		HideSolutionNode = FALSE
	EndGlobalSection
	GlobalSection(ExtensibilityGlobals) = postSolution
		SolutionGuid = {7E105330-9A1D-423C-864E-8E6EE58FF000}
	EndGlobalSection
EndGlobal
